
Microsoft Visual Studio Solution File, Format Version 12.00
# Visual Studio Version 16
VisualStudioVersion = 16.0.31702.278
MinimumVisualStudioVersion = 10.0.40219.1
Project("{2150E333-8FDC-42A3-9474-1A3956D46DE8}") = "Base", "Base", "{A0ED9D0F-9713-4700-93F0-976B869854B7}"
EndProject
Project("{FAE04EC0-301F-11D3-BF4B-00C04F79EFBC}") = "Controller", "Controller\Controller.csproj", "{59A96049-4401-4DF7-9192-DBA49E4AD1D3}"
EndProject
Project("{FAE04EC0-301F-11D3-BF4B-00C04F79EFBC}") = "Model", "Model\Model.csproj", "{3EC91E66-0AAB-4BCC-93A4-41DE725DC2C2}"
EndProject
Project("{FAE04EC0-301F-11D3-BF4B-00C04F79EFBC}") = "View", "View\View.csproj", "{A6428D33-86AC-485F-9AA1-B463AB052C53}"
EndProject
Project("{2150E333-8FDC-42A3-9474-1A3956D46DE8}") = "Test", "Test", "{D3FD78E7-B88D-4FBD-ABBA-E6F2458DFAC1}"
EndProject
Project("{FAE04EC0-301F-11D3-BF4B-00C04F79EFBC}") = "ToughtGrowthTest", "ToughtGrowthTest\ToughtGrowthTest.csproj", "{CA17408E-89A6-472E-93C2-0B97F01E5F81}"
Project("{2150E333-8FDC-42A3-9474-1A3956D46DE8}") = "Console", "Console", "{DCF82E84-EE5E-4107-BE54-1F76ED574FCD}"
EndProject
Project("{2150E333-8FDC-42A3-9474-1A3956D46DE8}") = "Application", "Application", "{9ED53B65-F877-412C-BB99-2E34B91107FB}"
EndProject
Project("{FAE04EC0-301F-11D3-BF4B-00C04F79EFBC}") = "ConsoleToughGrowth", "ConsoleToughGrowth\ConsoleToughGrowth.csproj", "{2381BD10-CD09-4D01-914D-F6E1426B8DD0}"
EndProject
Project("{FAE04EC0-301F-11D3-BF4B-00C04F79EFBC}") = "ConsoleController", "ConsoleController\ConsoleController.csproj", "{5B6B9D8A-ECFA-4281-8ED4-132CA502455C}"
EndProject
Project("{FAE04EC0-301F-11D3-BF4B-00C04F79EFBC}") = "ConsoleView", "ConsoleView\ConsoleView.csproj", "{CDC0C87C-15CF-4936-B49B-D8C113DB968F}"
EndProject
Global
	GlobalSection(SolutionConfigurationPlatforms) = preSolution
		Debug|Any CPU = Debug|Any CPU
		Release|Any CPU = Release|Any CPU
	EndGlobalSection
	GlobalSection(ProjectConfigurationPlatforms) = postSolution
		{59A96049-4401-4DF7-9192-DBA49E4AD1D3}.Debug|Any CPU.ActiveCfg = Debug|Any CPU
		{59A96049-4401-4DF7-9192-DBA49E4AD1D3}.Debug|Any CPU.Build.0 = Debug|Any CPU
		{59A96049-4401-4DF7-9192-DBA49E4AD1D3}.Release|Any CPU.ActiveCfg = Release|Any CPU
		{59A96049-4401-4DF7-9192-DBA49E4AD1D3}.Release|Any CPU.Build.0 = Release|Any CPU
		{3EC91E66-0AAB-4BCC-93A4-41DE725DC2C2}.Debug|Any CPU.ActiveCfg = Debug|Any CPU
		{3EC91E66-0AAB-4BCC-93A4-41DE725DC2C2}.Debug|Any CPU.Build.0 = Debug|Any CPU
		{3EC91E66-0AAB-4BCC-93A4-41DE725DC2C2}.Release|Any CPU.ActiveCfg = Release|Any CPU
		{3EC91E66-0AAB-4BCC-93A4-41DE725DC2C2}.Release|Any CPU.Build.0 = Release|Any CPU
		{A6428D33-86AC-485F-9AA1-B463AB052C53}.Debug|Any CPU.ActiveCfg = Debug|Any CPU
		{A6428D33-86AC-485F-9AA1-B463AB052C53}.Debug|Any CPU.Build.0 = Debug|Any CPU
		{A6428D33-86AC-485F-9AA1-B463AB052C53}.Release|Any CPU.ActiveCfg = Release|Any CPU
		{A6428D33-86AC-485F-9AA1-B463AB052C53}.Release|Any CPU.Build.0 = Release|Any CPU
		{CA17408E-89A6-472E-93C2-0B97F01E5F81}.Debug|Any CPU.ActiveCfg = Debug|Any CPU
		{CA17408E-89A6-472E-93C2-0B97F01E5F81}.Debug|Any CPU.Build.0 = Debug|Any CPU
		{CA17408E-89A6-472E-93C2-0B97F01E5F81}.Release|Any CPU.ActiveCfg = Release|Any CPU
		{CA17408E-89A6-472E-93C2-0B97F01E5F81}.Release|Any CPU.Build.0 = Release|Any CPU
		{2381BD10-CD09-4D01-914D-F6E1426B8DD0}.Debug|Any CPU.ActiveCfg = Debug|Any CPU
		{2381BD10-CD09-4D01-914D-F6E1426B8DD0}.Debug|Any CPU.Build.0 = Debug|Any CPU
		{2381BD10-CD09-4D01-914D-F6E1426B8DD0}.Release|Any CPU.ActiveCfg = Release|Any CPU
		{2381BD10-CD09-4D01-914D-F6E1426B8DD0}.Release|Any CPU.Build.0 = Release|Any CPU
		{5B6B9D8A-ECFA-4281-8ED4-132CA502455C}.Debug|Any CPU.ActiveCfg = Debug|Any CPU
		{5B6B9D8A-ECFA-4281-8ED4-132CA502455C}.Debug|Any CPU.Build.0 = Debug|Any CPU
		{5B6B9D8A-ECFA-4281-8ED4-132CA502455C}.Release|Any CPU.ActiveCfg = Release|Any CPU
		{5B6B9D8A-ECFA-4281-8ED4-132CA502455C}.Release|Any CPU.Build.0 = Release|Any CPU
		{CDC0C87C-15CF-4936-B49B-D8C113DB968F}.Debug|Any CPU.ActiveCfg = Debug|Any CPU
		{CDC0C87C-15CF-4936-B49B-D8C113DB968F}.Debug|Any CPU.Build.0 = Debug|Any CPU
		{CDC0C87C-15CF-4936-B49B-D8C113DB968F}.Release|Any CPU.ActiveCfg = Release|Any CPU
		{CDC0C87C-15CF-4936-B49B-D8C113DB968F}.Release|Any CPU.Build.0 = Release|Any CPU
	EndGlobalSection
	GlobalSection(SolutionProperties) = preSolution
		HideSolutionNode = FALSE
	EndGlobalSection
	GlobalSection(NestedProjects) = preSolution
		{59A96049-4401-4DF7-9192-DBA49E4AD1D3} = {A0ED9D0F-9713-4700-93F0-976B869854B7}
		{3EC91E66-0AAB-4BCC-93A4-41DE725DC2C2} = {A0ED9D0F-9713-4700-93F0-976B869854B7}
		{A6428D33-86AC-485F-9AA1-B463AB052C53} = {A0ED9D0F-9713-4700-93F0-976B869854B7}
		{CA17408E-89A6-472E-93C2-0B97F01E5F81} = {D3FD78E7-B88D-4FBD-ABBA-E6F2458DFAC1}
		{2381BD10-CD09-4D01-914D-F6E1426B8DD0} = {9ED53B65-F877-412C-BB99-2E34B91107FB}
		{5B6B9D8A-ECFA-4281-8ED4-132CA502455C} = {DCF82E84-EE5E-4107-BE54-1F76ED574FCD}
		{CDC0C87C-15CF-4936-B49B-D8C113DB968F} = {DCF82E84-EE5E-4107-BE54-1F76ED574FCD}
	EndGlobalSection
	GlobalSection(ExtensibilityGlobals) = postSolution
		SolutionGuid = {9359EB04-1BB4-4ABF-828C-D28FAF39A671}
	EndGlobalSection
EndGlobal
