
Microsoft Visual Studio Solution File, Format Version 12.00
# Visual Studio Version 16
VisualStudioVersion = 16.0.31702.278
MinimumVisualStudioVersion = 10.0.40219.1
Project("{FAE04EC0-301F-11D3-BF4B-00C04F79EFBC}") = "ToughGrowth", "ToughGrowth\ToughGrowth\ToughGrowth.csproj", "{24D7EC71-E4A5-4656-B478-F2097B6E0EE0}"
EndProject
Project("{2150E333-8FDC-42A3-9474-1A3956D46DE8}") = "Console", "Console", "{C2B795AC-06C2-4A19-A2FD-63093D6893C0}"
EndProject
Project("{2150E333-8FDC-42A3-9474-1A3956D46DE8}") = "WPF", "WPF", "{DCD7DD70-444C-4AC7-B5A4-83C6CF92923B}"
EndProject
Project("{2150E333-8FDC-42A3-9474-1A3956D46DE8}") = "Base", "Base", "{A0ED9D0F-9713-4700-93F0-976B869854B7}"
EndProject
Project("{FAE04EC0-301F-11D3-BF4B-00C04F79EFBC}") = "Controller", "Controller\Controller.csproj", "{59A96049-4401-4DF7-9192-DBA49E4AD1D3}"
EndProject
Project("{FAE04EC0-301F-11D3-BF4B-00C04F79EFBC}") = "Model", "Model\Model.csproj", "{3EC91E66-0AAB-4BCC-93A4-41DE725DC2C2}"
EndProject
Project("{FAE04EC0-301F-11D3-BF4B-00C04F79EFBC}") = "View", "View\View.csproj", "{A6428D33-86AC-485F-9AA1-B463AB052C53}"
EndProject
Project("{FAE04EC0-301F-11D3-BF4B-00C04F79EFBC}") = "ConsoleController", "ConsoleController\ConsoleController.csproj", "{77B67686-F876-4093-BB3C-F537DE2F1E84}"
EndProject
Project("{FAE04EC0-301F-11D3-BF4B-00C04F79EFBC}") = "ViewConsole", "ViewConsole\ViewConsole.csproj", "{37534C06-0FAD-4428-A83B-800B909110EC}"
EndProject
Global
	GlobalSection(SolutionConfigurationPlatforms) = preSolution
		Debug|Any CPU = Debug|Any CPU
		Release|Any CPU = Release|Any CPU
	EndGlobalSection
	GlobalSection(ProjectConfigurationPlatforms) = postSolution
		{24D7EC71-E4A5-4656-B478-F2097B6E0EE0}.Debug|Any CPU.ActiveCfg = Debug|Any CPU
		{24D7EC71-E4A5-4656-B478-F2097B6E0EE0}.Debug|Any CPU.Build.0 = Debug|Any CPU
		{24D7EC71-E4A5-4656-B478-F2097B6E0EE0}.Release|Any CPU.ActiveCfg = Release|Any CPU
		{24D7EC71-E4A5-4656-B478-F2097B6E0EE0}.Release|Any CPU.Build.0 = Release|Any CPU
		{59A96049-4401-4DF7-9192-DBA49E4AD1D3}.Debug|Any CPU.ActiveCfg = Debug|Any CPU
		{59A96049-4401-4DF7-9192-DBA49E4AD1D3}.Debug|Any CPU.Build.0 = Debug|Any CPU
		{59A96049-4401-4DF7-9192-DBA49E4AD1D3}.Release|Any CPU.ActiveCfg = Release|Any CPU
		{59A96049-4401-4DF7-9192-DBA49E4AD1D3}.Release|Any CPU.Build.0 = Release|Any CPU
		{3EC91E66-0AAB-4BCC-93A4-41DE725DC2C2}.Debug|Any CPU.ActiveCfg = Debug|Any CPU
		{3EC91E66-0AAB-4BCC-93A4-41DE725DC2C2}.Debug|Any CPU.Build.0 = Debug|Any CPU
		{3EC91E66-0AAB-4BCC-93A4-41DE725DC2C2}.Release|Any CPU.ActiveCfg = Release|Any CPU
		{3EC91E66-0AAB-4BCC-93A4-41DE725DC2C2}.Release|Any CPU.Build.0 = Release|Any CPU
		{A6428D33-86AC-485F-9AA1-B463AB052C53}.Debug|Any CPU.ActiveCfg = Debug|Any CPU
		{A6428D33-86AC-485F-9AA1-B463AB052C53}.Debug|Any CPU.Build.0 = Debug|Any CPU
		{A6428D33-86AC-485F-9AA1-B463AB052C53}.Release|Any CPU.ActiveCfg = Release|Any CPU
		{A6428D33-86AC-485F-9AA1-B463AB052C53}.Release|Any CPU.Build.0 = Release|Any CPU
		{77B67686-F876-4093-BB3C-F537DE2F1E84}.Debug|Any CPU.ActiveCfg = Debug|Any CPU
		{77B67686-F876-4093-BB3C-F537DE2F1E84}.Debug|Any CPU.Build.0 = Debug|Any CPU
		{77B67686-F876-4093-BB3C-F537DE2F1E84}.Release|Any CPU.ActiveCfg = Release|Any CPU
		{77B67686-F876-4093-BB3C-F537DE2F1E84}.Release|Any CPU.Build.0 = Release|Any CPU
		{37534C06-0FAD-4428-A83B-800B909110EC}.Debug|Any CPU.ActiveCfg = Debug|Any CPU
		{37534C06-0FAD-4428-A83B-800B909110EC}.Debug|Any CPU.Build.0 = Debug|Any CPU
		{37534C06-0FAD-4428-A83B-800B909110EC}.Release|Any CPU.ActiveCfg = Release|Any CPU
		{37534C06-0FAD-4428-A83B-800B909110EC}.Release|Any CPU.Build.0 = Release|Any CPU
	EndGlobalSection
	GlobalSection(SolutionProperties) = preSolution
		HideSolutionNode = FALSE
	EndGlobalSection
	GlobalSection(NestedProjects) = preSolution
		{59A96049-4401-4DF7-9192-DBA49E4AD1D3} = {A0ED9D0F-9713-4700-93F0-976B869854B7}
		{3EC91E66-0AAB-4BCC-93A4-41DE725DC2C2} = {A0ED9D0F-9713-4700-93F0-976B869854B7}
		{A6428D33-86AC-485F-9AA1-B463AB052C53} = {A0ED9D0F-9713-4700-93F0-976B869854B7}
		{77B67686-F876-4093-BB3C-F537DE2F1E84} = {C2B795AC-06C2-4A19-A2FD-63093D6893C0}
		{37534C06-0FAD-4428-A83B-800B909110EC} = {C2B795AC-06C2-4A19-A2FD-63093D6893C0}
	EndGlobalSection
	GlobalSection(ExtensibilityGlobals) = postSolution
		SolutionGuid = {9359EB04-1BB4-4ABF-828C-D28FAF39A671}
	EndGlobalSection
EndGlobal
